
Microsoft Visual Studio Solution File, Format Version 11.00
# Visual Studio 2010
Project("{8BC9CEB8-8B4A-11D0-8D11-00A0C91BC942}") = "Win32Support", "Native\Win32Support\Win32Support\Win32Support.vcxproj", "{09CC77B0-6967-4361-91AF-F07D9FCCCFE6}"
EndProject
Project("{FAE04EC0-301F-11D3-BF4B-00C04F79EFBC}") = "MemInsp", "Managed\MemInsp\MemInsp.csproj", "{F42DC804-FE16-4CE4-9B12-05D43AFE94C9}"
	ProjectSection(ProjectDependencies) = postProject
		{09CC77B0-6967-4361-91AF-F07D9FCCCFE6} = {09CC77B0-6967-4361-91AF-F07D9FCCCFE6}
	EndProjectSection
EndProject
Project("{FAE04EC0-301F-11D3-BF4B-00C04F79EFBC}") = "MeMapObj", "Managed\MeMapObj\MeMapObj\MeMapObj.csproj", "{A1364543-12E3-4CF0-925B-46E208D944FA}"
EndProject
Project("{FAE04EC0-301F-11D3-BF4B-00C04F79EFBC}") = "MemAddIn", "Managed\MemAddIn\MemAddIn\MemAddIn.csproj", "{002879C6-39B9-4396-97A3-42781C16C65C}"
	ProjectSection(ProjectDependencies) = postProject
		{F42DC804-FE16-4CE4-9B12-05D43AFE94C9} = {F42DC804-FE16-4CE4-9B12-05D43AFE94C9}
		{A1364543-12E3-4CF0-925B-46E208D944FA} = {A1364543-12E3-4CF0-925B-46E208D944FA}
		{09CC77B0-6967-4361-91AF-F07D9FCCCFE6} = {09CC77B0-6967-4361-91AF-F07D9FCCCFE6}
	EndProjectSection
EndProject
Global
	GlobalSection(TeamFoundationVersionControl) = preSolution
		SccNumberOfProjects = 5
		SccEnterpriseProvider = {4CA58AB2-18FA-4F8D-95D4-32DDF27D184C}
		SccTeamFoundationServer = https://tfs.codeplex.com/tfs/tfs29
		SccLocalPath0 = .
		SccProjectUniqueName1 = Native\\Win32Support\\Win32Support\\Win32Support.vcxproj
		SccProjectName1 = Native/Win32Support/Win32Support
		SccLocalPath1 = Native\\Win32Support\\Win32Support
		SccProjectUniqueName2 = Managed\\MemInsp\\MemInsp.csproj
		SccProjectName2 = Managed/MemInsp
		SccLocalPath2 = Managed\\MemInsp
		SccProjectUniqueName3 = Managed\\MeMapObj\\MeMapObj\\MeMapObj.csproj
		SccProjectName3 = Managed/MeMapObj/MeMapObj
		SccLocalPath3 = Managed\\MeMapObj\\MeMapObj
		SccProjectUniqueName4 = Managed\\MemAddIn\\MemAddIn\\MemAddIn.csproj
		SccProjectName4 = Managed/MemAddIn/MemAddIn
		SccLocalPath4 = Managed\\MemAddIn\\MemAddIn
	EndGlobalSection
	GlobalSection(SolutionConfigurationPlatforms) = preSolution
		CD_ROM|Any CPU = CD_ROM|Any CPU
		CD_ROM|Mixed Platforms = CD_ROM|Mixed Platforms
		CD_ROM|Win32 = CD_ROM|Win32
		CD_ROM|x64 = CD_ROM|x64
		CD_ROM|x86 = CD_ROM|x86
		Debug|Any CPU = Debug|Any CPU
		Debug|Mixed Platforms = Debug|Mixed Platforms
		Debug|Win32 = Debug|Win32
		Debug|x64 = Debug|x64
		Debug|x86 = Debug|x86
		DVD-5|Any CPU = DVD-5|Any CPU
		DVD-5|Mixed Platforms = DVD-5|Mixed Platforms
		DVD-5|Win32 = DVD-5|Win32
		DVD-5|x64 = DVD-5|x64
		DVD-5|x86 = DVD-5|x86
		Release|Any CPU = Release|Any CPU
		Release|Mixed Platforms = Release|Mixed Platforms
		Release|Win32 = Release|Win32
		Release|x64 = Release|x64
		Release|x86 = Release|x86
		SingleImage|Any CPU = SingleImage|Any CPU
		SingleImage|Mixed Platforms = SingleImage|Mixed Platforms
		SingleImage|Win32 = SingleImage|Win32
		SingleImage|x64 = SingleImage|x64
		SingleImage|x86 = SingleImage|x86
	EndGlobalSection
	GlobalSection(ProjectConfigurationPlatforms) = postSolution
		{09CC77B0-6967-4361-91AF-F07D9FCCCFE6}.CD_ROM|Any CPU.ActiveCfg = Release|x64
		{09CC77B0-6967-4361-91AF-F07D9FCCCFE6}.CD_ROM|Mixed Platforms.ActiveCfg = Release|x64
		{09CC77B0-6967-4361-91AF-F07D9FCCCFE6}.CD_ROM|Mixed Platforms.Build.0 = Release|x64
		{09CC77B0-6967-4361-91AF-F07D9FCCCFE6}.CD_ROM|Win32.ActiveCfg = Release|x64
		{09CC77B0-6967-4361-91AF-F07D9FCCCFE6}.CD_ROM|x64.ActiveCfg = Release|x64
		{09CC77B0-6967-4361-91AF-F07D9FCCCFE6}.CD_ROM|x64.Build.0 = Release|x64
		{09CC77B0-6967-4361-91AF-F07D9FCCCFE6}.CD_ROM|x86.ActiveCfg = Release|x64
		{09CC77B0-6967-4361-91AF-F07D9FCCCFE6}.Debug|Any CPU.ActiveCfg = Debug|x64
		{09CC77B0-6967-4361-91AF-F07D9FCCCFE6}.Debug|Mixed Platforms.ActiveCfg = Debug|x64
		{09CC77B0-6967-4361-91AF-F07D9FCCCFE6}.Debug|Mixed Platforms.Build.0 = Debug|x64
		{09CC77B0-6967-4361-91AF-F07D9FCCCFE6}.Debug|Win32.ActiveCfg = Debug|Win32
		{09CC77B0-6967-4361-91AF-F07D9FCCCFE6}.Debug|Win32.Build.0 = Debug|Win32
		{09CC77B0-6967-4361-91AF-F07D9FCCCFE6}.Debug|x64.ActiveCfg = Debug|x64
		{09CC77B0-6967-4361-91AF-F07D9FCCCFE6}.Debug|x64.Build.0 = Debug|x64
		{09CC77B0-6967-4361-91AF-F07D9FCCCFE6}.Debug|x86.ActiveCfg = Debug|x64
		{09CC77B0-6967-4361-91AF-F07D9FCCCFE6}.DVD-5|Any CPU.ActiveCfg = Debug|x64
		{09CC77B0-6967-4361-91AF-F07D9FCCCFE6}.DVD-5|Mixed Platforms.ActiveCfg = Debug|x64
		{09CC77B0-6967-4361-91AF-F07D9FCCCFE6}.DVD-5|Mixed Platforms.Build.0 = Debug|x64
		{09CC77B0-6967-4361-91AF-F07D9FCCCFE6}.DVD-5|Win32.ActiveCfg = Debug|x64
		{09CC77B0-6967-4361-91AF-F07D9FCCCFE6}.DVD-5|x64.ActiveCfg = Debug|x64
		{09CC77B0-6967-4361-91AF-F07D9FCCCFE6}.DVD-5|x64.Build.0 = Debug|x64
		{09CC77B0-6967-4361-91AF-F07D9FCCCFE6}.DVD-5|x86.ActiveCfg = Debug|x64
		{09CC77B0-6967-4361-91AF-F07D9FCCCFE6}.Release|Any CPU.ActiveCfg = Release|x64
		{09CC77B0-6967-4361-91AF-F07D9FCCCFE6}.Release|Mixed Platforms.ActiveCfg = Release|x64
		{09CC77B0-6967-4361-91AF-F07D9FCCCFE6}.Release|Mixed Platforms.Build.0 = Release|x64
		{09CC77B0-6967-4361-91AF-F07D9FCCCFE6}.Release|Win32.ActiveCfg = Release|Win32
		{09CC77B0-6967-4361-91AF-F07D9FCCCFE6}.Release|Win32.Build.0 = Release|Win32
		{09CC77B0-6967-4361-91AF-F07D9FCCCFE6}.Release|x64.ActiveCfg = Release|x64
		{09CC77B0-6967-4361-91AF-F07D9FCCCFE6}.Release|x64.Build.0 = Release|x64
		{09CC77B0-6967-4361-91AF-F07D9FCCCFE6}.Release|x86.ActiveCfg = Release|x64
		{09CC77B0-6967-4361-91AF-F07D9FCCCFE6}.SingleImage|Any CPU.ActiveCfg = Release|x64
		{09CC77B0-6967-4361-91AF-F07D9FCCCFE6}.SingleImage|Mixed Platforms.ActiveCfg = Release|x64
		{09CC77B0-6967-4361-91AF-F07D9FCCCFE6}.SingleImage|Mixed Platforms.Build.0 = Release|x64
		{09CC77B0-6967-4361-91AF-F07D9FCCCFE6}.SingleImage|Win32.ActiveCfg = Release|x64
		{09CC77B0-6967-4361-91AF-F07D9FCCCFE6}.SingleImage|x64.ActiveCfg = Release|x64
		{09CC77B0-6967-4361-91AF-F07D9FCCCFE6}.SingleImage|x64.Build.0 = Release|x64
		{09CC77B0-6967-4361-91AF-F07D9FCCCFE6}.SingleImage|x86.ActiveCfg = Release|x64
		{F42DC804-FE16-4CE4-9B12-05D43AFE94C9}.CD_ROM|Any CPU.ActiveCfg = Release|x64
		{F42DC804-FE16-4CE4-9B12-05D43AFE94C9}.CD_ROM|Mixed Platforms.ActiveCfg = Release|x64
		{F42DC804-FE16-4CE4-9B12-05D43AFE94C9}.CD_ROM|Mixed Platforms.Build.0 = Release|x64
		{F42DC804-FE16-4CE4-9B12-05D43AFE94C9}.CD_ROM|Win32.ActiveCfg = Release|x64
		{F42DC804-FE16-4CE4-9B12-05D43AFE94C9}.CD_ROM|x64.ActiveCfg = Release|x64
		{F42DC804-FE16-4CE4-9B12-05D43AFE94C9}.CD_ROM|x64.Build.0 = Release|x64
		{F42DC804-FE16-4CE4-9B12-05D43AFE94C9}.CD_ROM|x86.ActiveCfg = Release|x64
		{F42DC804-FE16-4CE4-9B12-05D43AFE94C9}.Debug|Any CPU.ActiveCfg = Debug|x64
		{F42DC804-FE16-4CE4-9B12-05D43AFE94C9}.Debug|Mixed Platforms.ActiveCfg = Debug|x64
		{F42DC804-FE16-4CE4-9B12-05D43AFE94C9}.Debug|Mixed Platforms.Build.0 = Debug|x64
		{F42DC804-FE16-4CE4-9B12-05D43AFE94C9}.Debug|Win32.ActiveCfg = Debug|x64
		{F42DC804-FE16-4CE4-9B12-05D43AFE94C9}.Debug|x64.ActiveCfg = Debug|x64
		{F42DC804-FE16-4CE4-9B12-05D43AFE94C9}.Debug|x64.Build.0 = Debug|x64
		{F42DC804-FE16-4CE4-9B12-05D43AFE94C9}.Debug|x86.ActiveCfg = Debug|x86
		{F42DC804-FE16-4CE4-9B12-05D43AFE94C9}.Debug|x86.Build.0 = Debug|x86
		{F42DC804-FE16-4CE4-9B12-05D43AFE94C9}.DVD-5|Any CPU.ActiveCfg = Debug|x64
		{F42DC804-FE16-4CE4-9B12-05D43AFE94C9}.DVD-5|Mixed Platforms.ActiveCfg = Debug|x64
		{F42DC804-FE16-4CE4-9B12-05D43AFE94C9}.DVD-5|Mixed Platforms.Build.0 = Debug|x64
		{F42DC804-FE16-4CE4-9B12-05D43AFE94C9}.DVD-5|Win32.ActiveCfg = Debug|x64
		{F42DC804-FE16-4CE4-9B12-05D43AFE94C9}.DVD-5|x64.ActiveCfg = Debug|x64
		{F42DC804-FE16-4CE4-9B12-05D43AFE94C9}.DVD-5|x64.Build.0 = Debug|x64
		{F42DC804-FE16-4CE4-9B12-05D43AFE94C9}.DVD-5|x86.ActiveCfg = Debug|x64
		{F42DC804-FE16-4CE4-9B12-05D43AFE94C9}.Release|Any CPU.ActiveCfg = Release|x64
		{F42DC804-FE16-4CE4-9B12-05D43AFE94C9}.Release|Mixed Platforms.ActiveCfg = Release|x64
		{F42DC804-FE16-4CE4-9B12-05D43AFE94C9}.Release|Mixed Platforms.Build.0 = Release|x64
		{F42DC804-FE16-4CE4-9B12-05D43AFE94C9}.Release|Win32.ActiveCfg = Release|x64
		{F42DC804-FE16-4CE4-9B12-05D43AFE94C9}.Release|x64.ActiveCfg = Release|x64
		{F42DC804-FE16-4CE4-9B12-05D43AFE94C9}.Release|x64.Build.0 = Release|x64
		{F42DC804-FE16-4CE4-9B12-05D43AFE94C9}.Release|x86.ActiveCfg = Release|x86
		{F42DC804-FE16-4CE4-9B12-05D43AFE94C9}.Release|x86.Build.0 = Release|x86
		{F42DC804-FE16-4CE4-9B12-05D43AFE94C9}.SingleImage|Any CPU.ActiveCfg = Release|x64
		{F42DC804-FE16-4CE4-9B12-05D43AFE94C9}.SingleImage|Mixed Platforms.ActiveCfg = Release|x64
		{F42DC804-FE16-4CE4-9B12-05D43AFE94C9}.SingleImage|Mixed Platforms.Build.0 = Release|x64
		{F42DC804-FE16-4CE4-9B12-05D43AFE94C9}.SingleImage|Win32.ActiveCfg = Release|x64
		{F42DC804-FE16-4CE4-9B12-05D43AFE94C9}.SingleImage|x64.ActiveCfg = Release|x64
		{F42DC804-FE16-4CE4-9B12-05D43AFE94C9}.SingleImage|x64.Build.0 = Release|x64
		{F42DC804-FE16-4CE4-9B12-05D43AFE94C9}.SingleImage|x86.ActiveCfg = Release|x64
		{A1364543-12E3-4CF0-925B-46E208D944FA}.CD_ROM|Any CPU.ActiveCfg = Release|Any CPU
		{A1364543-12E3-4CF0-925B-46E208D944FA}.CD_ROM|Any CPU.Build.0 = Release|Any CPU
		{A1364543-12E3-4CF0-925B-46E208D944FA}.CD_ROM|Mixed Platforms.ActiveCfg = Release|Any CPU
		{A1364543-12E3-4CF0-925B-46E208D944FA}.CD_ROM|Mixed Platforms.Build.0 = Release|Any CPU
		{A1364543-12E3-4CF0-925B-46E208D944FA}.CD_ROM|Win32.ActiveCfg = Release|Any CPU
		{A1364543-12E3-4CF0-925B-46E208D944FA}.CD_ROM|x64.ActiveCfg = Release|Any CPU
		{A1364543-12E3-4CF0-925B-46E208D944FA}.CD_ROM|x86.ActiveCfg = Release|Any CPU
		{A1364543-12E3-4CF0-925B-46E208D944FA}.Debug|Any CPU.ActiveCfg = Debug|Any CPU
		{A1364543-12E3-4CF0-925B-46E208D944FA}.Debug|Any CPU.Build.0 = Debug|Any CPU
		{A1364543-12E3-4CF0-925B-46E208D944FA}.Debug|Mixed Platforms.ActiveCfg = Debug|Any CPU
		{A1364543-12E3-4CF0-925B-46E208D944FA}.Debug|Mixed Platforms.Build.0 = Debug|Any CPU
		{A1364543-12E3-4CF0-925B-46E208D944FA}.Debug|Win32.ActiveCfg = Debug|Any CPU
		{A1364543-12E3-4CF0-925B-46E208D944FA}.Debug|x64.ActiveCfg = Debug|Any CPU
		{A1364543-12E3-4CF0-925B-46E208D944FA}.Debug|x86.ActiveCfg = Debug|Any CPU
		{A1364543-12E3-4CF0-925B-46E208D944FA}.DVD-5|Any CPU.ActiveCfg = Debug|Any CPU
		{A1364543-12E3-4CF0-925B-46E208D944FA}.DVD-5|Any CPU.Build.0 = Debug|Any CPU
		{A1364543-12E3-4CF0-925B-46E208D944FA}.DVD-5|Mixed Platforms.ActiveCfg = Debug|Any CPU
		{A1364543-12E3-4CF0-925B-46E208D944FA}.DVD-5|Mixed Platforms.Build.0 = Debug|Any CPU
		{A1364543-12E3-4CF0-925B-46E208D944FA}.DVD-5|Win32.ActiveCfg = Debug|Any CPU
		{A1364543-12E3-4CF0-925B-46E208D944FA}.DVD-5|x64.ActiveCfg = Debug|Any CPU
		{A1364543-12E3-4CF0-925B-46E208D944FA}.DVD-5|x86.ActiveCfg = Debug|Any CPU
		{A1364543-12E3-4CF0-925B-46E208D944FA}.Release|Any CPU.ActiveCfg = Release|Any CPU
		{A1364543-12E3-4CF0-925B-46E208D944FA}.Release|Any CPU.Build.0 = Release|Any CPU
		{A1364543-12E3-4CF0-925B-46E208D944FA}.Release|Mixed Platforms.ActiveCfg = Release|Any CPU
		{A1364543-12E3-4CF0-925B-46E208D944FA}.Release|Mixed Platforms.Build.0 = Release|Any CPU
		{A1364543-12E3-4CF0-925B-46E208D944FA}.Release|Win32.ActiveCfg = Release|Any CPU
		{A1364543-12E3-4CF0-925B-46E208D944FA}.Release|x64.ActiveCfg = Release|Any CPU
		{A1364543-12E3-4CF0-925B-46E208D944FA}.Release|x86.ActiveCfg = Release|Any CPU
		{A1364543-12E3-4CF0-925B-46E208D944FA}.SingleImage|Any CPU.ActiveCfg = Release|Any CPU
		{A1364543-12E3-4CF0-925B-46E208D944FA}.SingleImage|Any CPU.Build.0 = Release|Any CPU
		{A1364543-12E3-4CF0-925B-46E208D944FA}.SingleImage|Mixed Platforms.ActiveCfg = Release|Any CPU
		{A1364543-12E3-4CF0-925B-46E208D944FA}.SingleImage|Mixed Platforms.Build.0 = Release|Any CPU
		{A1364543-12E3-4CF0-925B-46E208D944FA}.SingleImage|Win32.ActiveCfg = Release|Any CPU
		{A1364543-12E3-4CF0-925B-46E208D944FA}.SingleImage|x64.ActiveCfg = Release|Any CPU
		{A1364543-12E3-4CF0-925B-46E208D944FA}.SingleImage|x86.ActiveCfg = Release|Any CPU
		{002879C6-39B9-4396-97A3-42781C16C65C}.CD_ROM|Any CPU.ActiveCfg = Release|Any CPU
		{002879C6-39B9-4396-97A3-42781C16C65C}.CD_ROM|Any CPU.Build.0 = Release|Any CPU
		{002879C6-39B9-4396-97A3-42781C16C65C}.CD_ROM|Mixed Platforms.ActiveCfg = Release|Any CPU
		{002879C6-39B9-4396-97A3-42781C16C65C}.CD_ROM|Mixed Platforms.Build.0 = Release|Any CPU
		{002879C6-39B9-4396-97A3-42781C16C65C}.CD_ROM|Win32.ActiveCfg = Release|Any CPU
		{002879C6-39B9-4396-97A3-42781C16C65C}.CD_ROM|x64.ActiveCfg = Release|Any CPU
		{002879C6-39B9-4396-97A3-42781C16C65C}.CD_ROM|x86.ActiveCfg = Release|Any CPU
		{002879C6-39B9-4396-97A3-42781C16C65C}.Debug|Any CPU.ActiveCfg = Debug|Any CPU
		{002879C6-39B9-4396-97A3-42781C16C65C}.Debug|Any CPU.Build.0 = Debug|Any CPU
		{002879C6-39B9-4396-97A3-42781C16C65C}.Debug|Mixed Platforms.ActiveCfg = Debug|Any CPU
		{002879C6-39B9-4396-97A3-42781C16C65C}.Debug|Mixed Platforms.Build.0 = Debug|Any CPU
		{002879C6-39B9-4396-97A3-42781C16C65C}.Debug|Win32.ActiveCfg = Debug|Any CPU
		{002879C6-39B9-4396-97A3-42781C16C65C}.Debug|x64.ActiveCfg = Debug|Any CPU
		{002879C6-39B9-4396-97A3-42781C16C65C}.Debug|x86.ActiveCfg = Debug|Any CPU
		{002879C6-39B9-4396-97A3-42781C16C65C}.DVD-5|Any CPU.ActiveCfg = Debug|Any CPU
		{002879C6-39B9-4396-97A3-42781C16C65C}.DVD-5|Any CPU.Build.0 = Debug|Any CPU
		{002879C6-39B9-4396-97A3-42781C16C65C}.DVD-5|Mixed Platforms.ActiveCfg = Debug|Any CPU
		{002879C6-39B9-4396-97A3-42781C16C65C}.DVD-5|Mixed Platforms.Build.0 = Debug|Any CPU
		{002879C6-39B9-4396-97A3-42781C16C65C}.DVD-5|Win32.ActiveCfg = Debug|Any CPU
		{002879C6-39B9-4396-97A3-42781C16C65C}.DVD-5|x64.ActiveCfg = Debug|Any CPU
		{002879C6-39B9-4396-97A3-42781C16C65C}.DVD-5|x86.ActiveCfg = Debug|Any CPU
		{002879C6-39B9-4396-97A3-42781C16C65C}.Release|Any CPU.ActiveCfg = Release|Any CPU
		{002879C6-39B9-4396-97A3-42781C16C65C}.Release|Any CPU.Build.0 = Release|Any CPU
		{002879C6-39B9-4396-97A3-42781C16C65C}.Release|Mixed Platforms.ActiveCfg = Release|Any CPU
		{002879C6-39B9-4396-97A3-42781C16C65C}.Release|Mixed Platforms.Build.0 = Release|Any CPU
		{002879C6-39B9-4396-97A3-42781C16C65C}.Release|Win32.ActiveCfg = Release|Any CPU
		{002879C6-39B9-4396-97A3-42781C16C65C}.Release|x64.ActiveCfg = Release|Any CPU
		{002879C6-39B9-4396-97A3-42781C16C65C}.Release|x86.ActiveCfg = Release|Any CPU
		{002879C6-39B9-4396-97A3-42781C16C65C}.SingleImage|Any CPU.ActiveCfg = Release|Any CPU
		{002879C6-39B9-4396-97A3-42781C16C65C}.SingleImage|Any CPU.Build.0 = Release|Any CPU
		{002879C6-39B9-4396-97A3-42781C16C65C}.SingleImage|Mixed Platforms.ActiveCfg = Release|Any CPU
		{002879C6-39B9-4396-97A3-42781C16C65C}.SingleImage|Mixed Platforms.Build.0 = Release|Any CPU
		{002879C6-39B9-4396-97A3-42781C16C65C}.SingleImage|Win32.ActiveCfg = Release|Any CPU
		{002879C6-39B9-4396-97A3-42781C16C65C}.SingleImage|x64.ActiveCfg = Release|Any CPU
		{002879C6-39B9-4396-97A3-42781C16C65C}.SingleImage|x86.ActiveCfg = Release|Any CPU
	EndGlobalSection
	GlobalSection(SolutionProperties) = preSolution
		HideSolutionNode = FALSE
	EndGlobalSection
EndGlobal
